Microsoft Visual Studio Solution File, Format Version 7.00
Project("{FAE04EC0-301F-11D3-BF4B-00C04F79EFBC}") = "MyCustomControls", "MyCustomControls.csproj", "{2E3AC300-62B8-4812-A5F2-273281EAE4C7}"
EndProject
Project("{FAE04EC0-301F-11D3-BF4B-00C04F79EFBC}") = "WindowsApplication1", "..\WindowsApplication1\WindowsApplication1.csproj", "{5CC33D4A-EA71-47D9-B6FE-BA9698DC5A65}"
EndProject
Global
	GlobalSection(SolutionConfiguration) = preSolution
		ConfigName.0 = Debug
		ConfigName.1 = Release
	EndGlobalSection
	GlobalSection(ProjectDependencies) = postSolution
	EndGlobalSection
	GlobalSection(ProjectConfiguration) = postSolution
		{2E3AC300-62B8-4812-A5F2-273281EAE4C7}.Debug.ActiveCfg = Debug|.NET
		{2E3AC300-62B8-4812-A5F2-273281EAE4C7}.Debug.Build.0 = Debug|.NET
		{2E3AC300-62B8-4812-A5F2-273281EAE4C7}.Release.ActiveCfg = Release|.NET
		{2E3AC300-62B8-4812-A5F2-273281EAE4C7}.Release.Build.0 = Release|.NET
		{5CC33D4A-EA71-47D9-B6FE-BA9698DC5A65}.Debug.ActiveCfg = Debug|.NET
		{5CC33D4A-EA71-47D9-B6FE-BA9698DC5A65}.Debug.Build.0 = Debug|.NET
		{5CC33D4A-EA71-47D9-B6FE-BA9698DC5A65}.Release.ActiveCfg = Release|.NET
		{5CC33D4A-EA71-47D9-B6FE-BA9698DC5A65}.Release.Build.0 = Release|.NET
	EndGlobalSection
	GlobalSection(ExtensibilityGlobals) = postSolution
	EndGlobalSection
	GlobalSection(ExtensibilityAddIns) = postSolution
	EndGlobalSection
EndGlobal
