
Microsoft Visual Studio Solution File, Format Version 12.00
# Visual Studio Version 16
VisualStudioVersion = 16.0.29920.165
MinimumVisualStudioVersion = 10.0.40219.1
Project("{FAE04EC0-301F-11D3-BF4B-00C04F79EFBC}") = "IntellaQueueSampleApplication", "IntellaQueueSampleApplication\IntellaQueueSampleApplication.csproj", "{BF2E2FFD-8DC4-4238-A3CA-9CF1C5A5A882}"
	ProjectSection(ProjectDependencies) = postProject
		{2E3AC300-62B8-4812-A5F2-273281EAE4C7} = {2E3AC300-62B8-4812-A5F2-273281EAE4C7}
		{05D53D7D-A134-4F87-8DF1-2A84D062AB4D} = {05D53D7D-A134-4F87-8DF1-2A84D062AB4D}
	EndProjectSection
EndProject
Project("{FAE04EC0-301F-11D3-BF4B-00C04F79EFBC}") = "Lib", "..\intellaLib\Lib.csproj", "{2E3AC300-62B8-4812-A5F2-273281EAE4C7}"
EndProject
Project("{FAE04EC0-301F-11D3-BF4B-00C04F79EFBC}") = "QueueLib", "..\QueueLib\QueueLib.csproj", "{05D53D7D-A134-4F87-8DF1-2A84D062AB4D}"
EndProject
Global
	GlobalSection(SolutionConfigurationPlatforms) = preSolution
		Debug|Any CPU = Debug|Any CPU
		Release|Any CPU = Release|Any CPU
	EndGlobalSection
	GlobalSection(ProjectConfigurationPlatforms) = postSolution
		{BF2E2FFD-8DC4-4238-A3CA-9CF1C5A5A882}.Debug|Any CPU.ActiveCfg = Debug|Any CPU
		{BF2E2FFD-8DC4-4238-A3CA-9CF1C5A5A882}.Debug|Any CPU.Build.0 = Debug|Any CPU
		{BF2E2FFD-8DC4-4238-A3CA-9CF1C5A5A882}.Release|Any CPU.ActiveCfg = Release|Any CPU
		{BF2E2FFD-8DC4-4238-A3CA-9CF1C5A5A882}.Release|Any CPU.Build.0 = Release|Any CPU
		{2E3AC300-62B8-4812-A5F2-273281EAE4C7}.Debug|Any CPU.ActiveCfg = Debug|Any CPU
		{2E3AC300-62B8-4812-A5F2-273281EAE4C7}.Debug|Any CPU.Build.0 = Debug|Any CPU
		{2E3AC300-62B8-4812-A5F2-273281EAE4C7}.Release|Any CPU.ActiveCfg = Release|Any CPU
		{2E3AC300-62B8-4812-A5F2-273281EAE4C7}.Release|Any CPU.Build.0 = Release|Any CPU
		{05D53D7D-A134-4F87-8DF1-2A84D062AB4D}.Debug|Any CPU.ActiveCfg = Debug|Any CPU
		{05D53D7D-A134-4F87-8DF1-2A84D062AB4D}.Debug|Any CPU.Build.0 = Debug|Any CPU
		{05D53D7D-A134-4F87-8DF1-2A84D062AB4D}.Release|Any CPU.ActiveCfg = Release|Any CPU
		{05D53D7D-A134-4F87-8DF1-2A84D062AB4D}.Release|Any CPU.Build.0 = Release|Any CPU
	EndGlobalSection
	GlobalSection(SolutionProperties) = preSolution
		HideSolutionNode = FALSE
	EndGlobalSection
	GlobalSection(ExtensibilityGlobals) = postSolution
		SolutionGuid = {BCE74AE7-A0AC-44AE-A064-EBF2203BFE52}
	EndGlobalSection
EndGlobal
