
Microsoft Visual Studio Solution File, Format Version 11.00
# Visual Studio 2010
Project("{FAE04EC0-301F-11D3-BF4B-00C04F79EFBC}") = "intellaConsole", "intellaConsole.csproj", "{E67A0A4D-AF1E-48A1-8C60-694BE2767AF0}"
EndProject
Project("{FAE04EC0-301F-11D3-BF4B-00C04F79EFBC}") = "Lib", "..\..\..\configurator\src\Lib\Lib.csproj", "{2E3AC300-62B8-4812-A5F2-273281EAE4C7}"
EndProject
Project("{FAE04EC0-301F-11D3-BF4B-00C04F79EFBC}") = "QueueLib", "..\QueueLib\QueueLib.csproj", "{05D53D7D-A134-4F87-8DF1-2A84D062AB4D}"
EndProject
Project("{FAE04EC0-301F-11D3-BF4B-00C04F79EFBC}") = "Npgsql", "..\..\..\Lib\Npgsql2.0.11.93.src\src\Npgsql.csproj", "{9D13B739-62B1-4190-B386-7A9547304EB3}"
EndProject
Global
	GlobalSection(SolutionConfigurationPlatforms) = preSolution
		Debug|Any CPU = Debug|Any CPU
		Debug|Mixed Platforms = Debug|Mixed Platforms
		Debug|x86 = Debug|x86
		Release|Any CPU = Release|Any CPU
		Release|Mixed Platforms = Release|Mixed Platforms
		Release|x86 = Release|x86
	EndGlobalSection
	GlobalSection(ProjectConfigurationPlatforms) = postSolution
		{E67A0A4D-AF1E-48A1-8C60-694BE2767AF0}.Debug|Any CPU.ActiveCfg = Debug|x86
		{E67A0A4D-AF1E-48A1-8C60-694BE2767AF0}.Debug|Mixed Platforms.ActiveCfg = Debug|x86
		{E67A0A4D-AF1E-48A1-8C60-694BE2767AF0}.Debug|Mixed Platforms.Build.0 = Debug|x86
		{E67A0A4D-AF1E-48A1-8C60-694BE2767AF0}.Debug|x86.ActiveCfg = Debug|x86
		{E67A0A4D-AF1E-48A1-8C60-694BE2767AF0}.Debug|x86.Build.0 = Debug|x86
		{E67A0A4D-AF1E-48A1-8C60-694BE2767AF0}.Release|Any CPU.ActiveCfg = Release|x86
		{E67A0A4D-AF1E-48A1-8C60-694BE2767AF0}.Release|Mixed Platforms.ActiveCfg = Release|x86
		{E67A0A4D-AF1E-48A1-8C60-694BE2767AF0}.Release|Mixed Platforms.Build.0 = Release|x86
		{E67A0A4D-AF1E-48A1-8C60-694BE2767AF0}.Release|x86.ActiveCfg = Release|x86
		{E67A0A4D-AF1E-48A1-8C60-694BE2767AF0}.Release|x86.Build.0 = Release|x86
		{2E3AC300-62B8-4812-A5F2-273281EAE4C7}.Debug|Any CPU.ActiveCfg = Debug|Any CPU
		{2E3AC300-62B8-4812-A5F2-273281EAE4C7}.Debug|Any CPU.Build.0 = Debug|Any CPU
		{2E3AC300-62B8-4812-A5F2-273281EAE4C7}.Debug|Mixed Platforms.ActiveCfg = Debug|Any CPU
		{2E3AC300-62B8-4812-A5F2-273281EAE4C7}.Debug|Mixed Platforms.Build.0 = Debug|Any CPU
		{2E3AC300-62B8-4812-A5F2-273281EAE4C7}.Debug|x86.ActiveCfg = Debug|Any CPU
		{2E3AC300-62B8-4812-A5F2-273281EAE4C7}.Release|Any CPU.ActiveCfg = Release|Any CPU
		{2E3AC300-62B8-4812-A5F2-273281EAE4C7}.Release|Any CPU.Build.0 = Release|Any CPU
		{2E3AC300-62B8-4812-A5F2-273281EAE4C7}.Release|Mixed Platforms.ActiveCfg = Release|Any CPU
		{2E3AC300-62B8-4812-A5F2-273281EAE4C7}.Release|Mixed Platforms.Build.0 = Release|Any CPU
		{2E3AC300-62B8-4812-A5F2-273281EAE4C7}.Release|x86.ActiveCfg = Release|Any CPU
		{05D53D7D-A134-4F87-8DF1-2A84D062AB4D}.Debug|Any CPU.ActiveCfg = Debug|Any CPU
		{05D53D7D-A134-4F87-8DF1-2A84D062AB4D}.Debug|Any CPU.Build.0 = Debug|Any CPU
		{05D53D7D-A134-4F87-8DF1-2A84D062AB4D}.Debug|Mixed Platforms.ActiveCfg = Debug|Any CPU
		{05D53D7D-A134-4F87-8DF1-2A84D062AB4D}.Debug|Mixed Platforms.Build.0 = Debug|Any CPU
		{05D53D7D-A134-4F87-8DF1-2A84D062AB4D}.Debug|x86.ActiveCfg = Debug|Any CPU
		{05D53D7D-A134-4F87-8DF1-2A84D062AB4D}.Release|Any CPU.ActiveCfg = Release|Any CPU
		{05D53D7D-A134-4F87-8DF1-2A84D062AB4D}.Release|Any CPU.Build.0 = Release|Any CPU
		{05D53D7D-A134-4F87-8DF1-2A84D062AB4D}.Release|Mixed Platforms.ActiveCfg = Release|Any CPU
		{05D53D7D-A134-4F87-8DF1-2A84D062AB4D}.Release|Mixed Platforms.Build.0 = Release|Any CPU
		{05D53D7D-A134-4F87-8DF1-2A84D062AB4D}.Release|x86.ActiveCfg = Release|Any CPU
		{9D13B739-62B1-4190-B386-7A9547304EB3}.Debug|Any CPU.ActiveCfg = Debug|Any CPU
		{9D13B739-62B1-4190-B386-7A9547304EB3}.Debug|Any CPU.Build.0 = Debug|Any CPU
		{9D13B739-62B1-4190-B386-7A9547304EB3}.Debug|Mixed Platforms.ActiveCfg = Debug|Any CPU
		{9D13B739-62B1-4190-B386-7A9547304EB3}.Debug|Mixed Platforms.Build.0 = Debug|Any CPU
		{9D13B739-62B1-4190-B386-7A9547304EB3}.Debug|x86.ActiveCfg = Debug|Any CPU
		{9D13B739-62B1-4190-B386-7A9547304EB3}.Release|Any CPU.ActiveCfg = Release|Any CPU
		{9D13B739-62B1-4190-B386-7A9547304EB3}.Release|Any CPU.Build.0 = Release|Any CPU
		{9D13B739-62B1-4190-B386-7A9547304EB3}.Release|Mixed Platforms.ActiveCfg = Release|Any CPU
		{9D13B739-62B1-4190-B386-7A9547304EB3}.Release|Mixed Platforms.Build.0 = Release|Any CPU
		{9D13B739-62B1-4190-B386-7A9547304EB3}.Release|x86.ActiveCfg = Release|Any CPU
	EndGlobalSection
	GlobalSection(SolutionProperties) = preSolution
		HideSolutionNode = FALSE
	EndGlobalSection
EndGlobal
